
Microsoft Visual Studio Solution File, Format Version 12.00
# Visual Studio Version 16
VisualStudioVersion = 16.0.30309.148
MinimumVisualStudioVersion = 10.0.40219.1
Project("{FAE04EC0-301F-11D3-BF4B-00C04F79EFBC}") = "Surveys.WebAPIService", "Surveys.WebAPIService.csproj", "{D21F50D5-DD69-480E-AFB1-B3EEB7705B63}"
EndProject
Project("{FAE04EC0-301F-11D3-BF4B-00C04F79EFBC}") = "Surveys.BusinessLogic", "..\Surveys.BusinessLogic\Surveys.BusinessLogic.csproj", "{D2AADBBE-C09A-4CBF-A5FF-11EE82C5AEFD}"
EndProject
Global
	GlobalSection(SolutionConfigurationPlatforms) = preSolution
		Debug|Any CPU = Debug|Any CPU
		Release|Any CPU = Release|Any CPU
	EndGlobalSection
	GlobalSection(ProjectConfigurationPlatforms) = postSolution
		{D21F50D5-DD69-480E-AFB1-B3EEB7705B63}.Debug|Any CPU.ActiveCfg = Debug|Any CPU
		{D21F50D5-DD69-480E-AFB1-B3EEB7705B63}.Debug|Any CPU.Build.0 = Debug|Any CPU
		{D21F50D5-DD69-480E-AFB1-B3EEB7705B63}.Release|Any CPU.ActiveCfg = Release|Any CPU
		{D21F50D5-DD69-480E-AFB1-B3EEB7705B63}.Release|Any CPU.Build.0 = Release|Any CPU
		{D2AADBBE-C09A-4CBF-A5FF-11EE82C5AEFD}.Debug|Any CPU.ActiveCfg = Debug|Any CPU
		{D2AADBBE-C09A-4CBF-A5FF-11EE82C5AEFD}.Debug|Any CPU.Build.0 = Debug|Any CPU
		{D2AADBBE-C09A-4CBF-A5FF-11EE82C5AEFD}.Release|Any CPU.ActiveCfg = Release|Any CPU
		{D2AADBBE-C09A-4CBF-A5FF-11EE82C5AEFD}.Release|Any CPU.Build.0 = Release|Any CPU
	EndGlobalSection
	GlobalSection(SolutionProperties) = preSolution
		HideSolutionNode = FALSE
	EndGlobalSection
	GlobalSection(ExtensibilityGlobals) = postSolution
		SolutionGuid = {0A584826-B517-40D2-9974-1028881B17C7}
	EndGlobalSection
EndGlobal
